
Microsoft Visual Studio Solution File, Format Version 12.00
# Visual Studio 15
VisualStudioVersion = 15.0.28307.329
MinimumVisualStudioVersion = 10.0.40219.1
Project("{8BC9CEB8-8B4A-11D0-8D11-00A0C91BC942}") = "Engine", "Engine\Engine.vcxproj", "{61198164-EE72-4BFD-B618-92E16B9693AD}"
EndProject
Project("{8BC9CEB8-8B4A-11D0-8D11-00A0C91BC942}") = "EngineUnitTest", "EngineUnitTest\EngineUnitTest.vcxproj", "{FAE9023B-555E-4E75-BB73-BB54C89080FB}"
	ProjectSection(ProjectDependencies) = postProject
		{61198164-EE72-4BFD-B618-92E16B9693AD} = {61198164-EE72-4BFD-B618-92E16B9693AD}
	EndProjectSection
EndProject
Global
	GlobalSection(SolutionConfigurationPlatforms) = preSolution
		Debug|x64 = Debug|x64
		Debug|x86 = Debug|x86
		Release|x64 = Release|x64
		Release|x86 = Release|x86
	EndGlobalSection
	GlobalSection(ProjectConfigurationPlatforms) = postSolution
		{61198164-EE72-4BFD-B618-92E16B9693AD}.Debug|x64.ActiveCfg = Debug|x64
		{61198164-EE72-4BFD-B618-92E16B9693AD}.Debug|x64.Build.0 = Debug|x64
		{61198164-EE72-4BFD-B618-92E16B9693AD}.Debug|x86.ActiveCfg = Debug|Win32
		{61198164-EE72-4BFD-B618-92E16B9693AD}.Debug|x86.Build.0 = Debug|Win32
		{61198164-EE72-4BFD-B618-92E16B9693AD}.Release|x64.ActiveCfg = Release|x64
		{61198164-EE72-4BFD-B618-92E16B9693AD}.Release|x64.Build.0 = Release|x64
		{61198164-EE72-4BFD-B618-92E16B9693AD}.Release|x86.ActiveCfg = Release|Win32
		{61198164-EE72-4BFD-B618-92E16B9693AD}.Release|x86.Build.0 = Release|Win32
		{FAE9023B-555E-4E75-BB73-BB54C89080FB}.Debug|x64.ActiveCfg = Debug|x64
		{FAE9023B-555E-4E75-BB73-BB54C89080FB}.Debug|x64.Build.0 = Debug|x64
		{FAE9023B-555E-4E75-BB73-BB54C89080FB}.Debug|x86.ActiveCfg = Debug|Win32
		{FAE9023B-555E-4E75-BB73-BB54C89080FB}.Debug|x86.Build.0 = Debug|Win32
		{FAE9023B-555E-4E75-BB73-BB54C89080FB}.Release|x64.ActiveCfg = Release|x64
		{FAE9023B-555E-4E75-BB73-BB54C89080FB}.Release|x64.Build.0 = Release|x64
		{FAE9023B-555E-4E75-BB73-BB54C89080FB}.Release|x86.ActiveCfg = Release|Win32
		{FAE9023B-555E-4E75-BB73-BB54C89080FB}.Release|x86.Build.0 = Release|Win32
	EndGlobalSection
	GlobalSection(SolutionProperties) = preSolution
		HideSolutionNode = FALSE
	EndGlobalSection
	GlobalSection(ExtensibilityGlobals) = postSolution
		SolutionGuid = {DC3CD064-D5FA-46BD-8986-4E4BA49648B1}
	EndGlobalSection
EndGlobal
