
Microsoft Visual Studio Solution File, Format Version 12.00
# Visual Studio 15
VisualStudioVersion = 15.0.28307.329
MinimumVisualStudioVersion = 10.0.40219.1
Project("{8BC9CEB8-8B4A-11D0-8D11-00A0C91BC942}") = "Game", "Game\Game.vcxproj", "{EA8423B1-27F7-43A3-8019-1FFACCC8736C}"
	ProjectSection(ProjectDependencies) = postProject
		{61198164-EE72-4BFD-B618-92E16B9693AD} = {61198164-EE72-4BFD-B618-92E16B9693AD}
	EndProjectSection
EndProject
Project("{8BC9CEB8-8B4A-11D0-8D11-00A0C91BC942}") = "Engine", "..\Engine\Engine\Engine.vcxproj", "{61198164-EE72-4BFD-B618-92E16B9693AD}"
EndProject
Global
	GlobalSection(SolutionConfigurationPlatforms) = preSolution
		Debug|x64 = Debug|x64
		Debug|x86 = Debug|x86
		Release|x64 = Release|x64
		Release|x86 = Release|x86
	EndGlobalSection
	GlobalSection(ProjectConfigurationPlatforms) = postSolution
		{EA8423B1-27F7-43A3-8019-1FFACCC8736C}.Debug|x64.ActiveCfg = Debug|x64
		{EA8423B1-27F7-43A3-8019-1FFACCC8736C}.Debug|x64.Build.0 = Debug|x64
		{EA8423B1-27F7-43A3-8019-1FFACCC8736C}.Debug|x86.ActiveCfg = Debug|Win32
		{EA8423B1-27F7-43A3-8019-1FFACCC8736C}.Debug|x86.Build.0 = Debug|Win32
		{EA8423B1-27F7-43A3-8019-1FFACCC8736C}.Release|x64.ActiveCfg = Release|x64
		{EA8423B1-27F7-43A3-8019-1FFACCC8736C}.Release|x64.Build.0 = Release|x64
		{EA8423B1-27F7-43A3-8019-1FFACCC8736C}.Release|x86.ActiveCfg = Release|Win32
		{EA8423B1-27F7-43A3-8019-1FFACCC8736C}.Release|x86.Build.0 = Release|Win32
		{61198164-EE72-4BFD-B618-92E16B9693AD}.Debug|x64.ActiveCfg = Debug|x64
		{61198164-EE72-4BFD-B618-92E16B9693AD}.Debug|x64.Build.0 = Debug|x64
		{61198164-EE72-4BFD-B618-92E16B9693AD}.Debug|x86.ActiveCfg = Debug|Win32
		{61198164-EE72-4BFD-B618-92E16B9693AD}.Debug|x86.Build.0 = Debug|Win32
		{61198164-EE72-4BFD-B618-92E16B9693AD}.Release|x64.ActiveCfg = Release|x64
		{61198164-EE72-4BFD-B618-92E16B9693AD}.Release|x64.Build.0 = Release|x64
		{61198164-EE72-4BFD-B618-92E16B9693AD}.Release|x86.ActiveCfg = Release|Win32
		{61198164-EE72-4BFD-B618-92E16B9693AD}.Release|x86.Build.0 = Release|Win32
	EndGlobalSection
	GlobalSection(SolutionProperties) = preSolution
		HideSolutionNode = FALSE
	EndGlobalSection
	GlobalSection(ExtensibilityGlobals) = postSolution
		SolutionGuid = {12027827-6C0F-4ECA-A134-F422F76D075B}
	EndGlobalSection
EndGlobal
